
Microsoft Visual Studio Solution File, Format Version 12.00
# Visual Studio Version 17
VisualStudioVersion = 17.3.32819.101
MinimumVisualStudioVersion = 10.0.40219.1
Project("{888888A0-9F3D-457C-B088-3A5042F75D52}") = "StyleTransferApp", "StyleTransferApp\StyleTransferApp.pyproj", "{BAB87498-D4C9-4C6F-8027-2F3D08084AF4}"
EndProject
Global
	GlobalSection(SolutionConfigurationPlatforms) = preSolution
		Debug|Any CPU = Debug|Any CPU
		Release|Any CPU = Release|Any CPU
	EndGlobalSection
	GlobalSection(ProjectConfigurationPlatforms) = postSolution
		{BAB87498-D4C9-4C6F-8027-2F3D08084AF4}.Debug|Any CPU.ActiveCfg = Debug|Any CPU
		{BAB87498-D4C9-4C6F-8027-2F3D08084AF4}.Release|Any CPU.ActiveCfg = Release|Any CPU
	EndGlobalSection
	GlobalSection(SolutionProperties) = preSolution
		HideSolutionNode = FALSE
	EndGlobalSection
	GlobalSection(ExtensibilityGlobals) = postSolution
		SolutionGuid = {D64D943A-3182-4277-A563-045001FCD0B5}
	EndGlobalSection
EndGlobal
